
Microsoft Visual Studio Solution File, Format Version 12.00
# Visual Studio Version 17
VisualStudioVersion = 17.10.35004.147
MinimumVisualStudioVersion = 10.0.40219.1
Project("{FAE04EC0-301F-11D3-BF4B-00C04F79EFBC}") = "Sort_opdracht", "Opdracht_1\Sort_opdracht.csproj", "{0D9E452B-50FF-4CD4-B961-F17D5D713A46}"
EndProject
Global
	GlobalSection(SolutionConfigurationPlatforms) = preSolution
		Debug|Any CPU = Debug|Any CPU
		Release|Any CPU = Release|Any CPU
	EndGlobalSection
	GlobalSection(ProjectConfigurationPlatforms) = postSolution
		{0D9E452B-50FF-4CD4-B961-F17D5D713A46}.Debug|Any CPU.ActiveCfg = Debug|Any CPU
		{0D9E452B-50FF-4CD4-B961-F17D5D713A46}.Debug|Any CPU.Build.0 = Debug|Any CPU
		{0D9E452B-50FF-4CD4-B961-F17D5D713A46}.Release|Any CPU.ActiveCfg = Release|Any CPU
		{0D9E452B-50FF-4CD4-B961-F17D5D713A46}.Release|Any CPU.Build.0 = Release|Any CPU
	EndGlobalSection
	GlobalSection(SolutionProperties) = preSolution
		HideSolutionNode = FALSE
	EndGlobalSection
	GlobalSection(ExtensibilityGlobals) = postSolution
		SolutionGuid = {3C055165-2579-4FBE-85C9-E55BB1B7CD7C}
	EndGlobalSection
EndGlobal
