
Microsoft Visual Studio Solution File, Format Version 12.00
# Visual Studio Version 17
VisualStudioVersion = 17.10.35013.160
MinimumVisualStudioVersion = 10.0.40219.1
Project("{FAE04EC0-301F-11D3-BF4B-00C04F79EFBC}") = "Opdracht_3", "Opdracht_3\Opdracht_3.csproj", "{94B11A2A-266F-4AE6-A330-7A71BC734178}"
EndProject
Global
	GlobalSection(SolutionConfigurationPlatforms) = preSolution
		Debug|Any CPU = Debug|Any CPU
		Release|Any CPU = Release|Any CPU
	EndGlobalSection
	GlobalSection(ProjectConfigurationPlatforms) = postSolution
		{94B11A2A-266F-4AE6-A330-7A71BC734178}.Debug|Any CPU.ActiveCfg = Debug|Any CPU
		{94B11A2A-266F-4AE6-A330-7A71BC734178}.Debug|Any CPU.Build.0 = Debug|Any CPU
		{94B11A2A-266F-4AE6-A330-7A71BC734178}.Release|Any CPU.ActiveCfg = Release|Any CPU
		{94B11A2A-266F-4AE6-A330-7A71BC734178}.Release|Any CPU.Build.0 = Release|Any CPU
	EndGlobalSection
	GlobalSection(SolutionProperties) = preSolution
		HideSolutionNode = FALSE
	EndGlobalSection
	GlobalSection(ExtensibilityGlobals) = postSolution
		SolutionGuid = {474B26AE-8630-4C91-925B-95B730A89F10}
	EndGlobalSection
EndGlobal
