
Microsoft Visual Studio Solution File, Format Version 12.00
# Visual Studio Version 17
VisualStudioVersion = 17.10.35013.160
MinimumVisualStudioVersion = 10.0.40219.1
Project("{9A19103F-16F7-4668-BE54-9A1E7A4F7556}") = "Opdracht_3", "Opdracht_3\Opdracht_3.csproj", "{94B11A2A-266F-4AE6-A330-7A71BC734178}"
EndProject
Project("{FAE04EC0-301F-11D3-BF4B-00C04F79EFBC}") = "BornToMove.Business", "BornToMove.Business\BornToMove.Business.csproj", "{3EA7E31A-D1AC-48D7-BD68-1BF596EFFC02}"
EndProject
Project("{FAE04EC0-301F-11D3-BF4B-00C04F79EFBC}") = "BornToMove.DAL", "BornToMove.DAL\BornToMove.DAL.csproj", "{BF8A3DD3-0FA3-4E8C-A93A-1E9E0ED64E67}"
EndProject
Global
	GlobalSection(SolutionConfigurationPlatforms) = preSolution
		Debug|Any CPU = Debug|Any CPU
		Release|Any CPU = Release|Any CPU
	EndGlobalSection
	GlobalSection(ProjectConfigurationPlatforms) = postSolution
		{94B11A2A-266F-4AE6-A330-7A71BC734178}.Debug|Any CPU.ActiveCfg = Debug|Any CPU
		{94B11A2A-266F-4AE6-A330-7A71BC734178}.Debug|Any CPU.Build.0 = Debug|Any CPU
		{94B11A2A-266F-4AE6-A330-7A71BC734178}.Release|Any CPU.ActiveCfg = Release|Any CPU
		{94B11A2A-266F-4AE6-A330-7A71BC734178}.Release|Any CPU.Build.0 = Release|Any CPU
		{3EA7E31A-D1AC-48D7-BD68-1BF596EFFC02}.Debug|Any CPU.ActiveCfg = Debug|Any CPU
		{3EA7E31A-D1AC-48D7-BD68-1BF596EFFC02}.Debug|Any CPU.Build.0 = Debug|Any CPU
		{3EA7E31A-D1AC-48D7-BD68-1BF596EFFC02}.Release|Any CPU.ActiveCfg = Release|Any CPU
		{3EA7E31A-D1AC-48D7-BD68-1BF596EFFC02}.Release|Any CPU.Build.0 = Release|Any CPU
		{BF8A3DD3-0FA3-4E8C-A93A-1E9E0ED64E67}.Debug|Any CPU.ActiveCfg = Debug|Any CPU
		{BF8A3DD3-0FA3-4E8C-A93A-1E9E0ED64E67}.Debug|Any CPU.Build.0 = Debug|Any CPU
		{BF8A3DD3-0FA3-4E8C-A93A-1E9E0ED64E67}.Release|Any CPU.ActiveCfg = Release|Any CPU
		{BF8A3DD3-0FA3-4E8C-A93A-1E9E0ED64E67}.Release|Any CPU.Build.0 = Release|Any CPU
	EndGlobalSection
	GlobalSection(SolutionProperties) = preSolution
		HideSolutionNode = FALSE
	EndGlobalSection
	GlobalSection(ExtensibilityGlobals) = postSolution
		SolutionGuid = {474B26AE-8630-4C91-925B-95B730A89F10}
	EndGlobalSection
EndGlobal
